
Microsoft Visual Studio Solution File, Format Version 12.00
# Visual Studio 15
VisualStudioVersion = 15.0.27004.2006
MinimumVisualStudioVersion = 10.0.40219.1
Project("{FAE04EC0-301F-11D3-BF4B-00C04F79EFBC}") = "leads", "leads\leads.csproj", "{81050B71-CB9D-4FA4-8466-3575BD1AC89C}"
EndProject
Global
	GlobalSection(SolutionConfigurationPlatforms) = preSolution
		Debug|Any CPU = Debug|Any CPU
		Release|Any CPU = Release|Any CPU
	EndGlobalSection
	GlobalSection(ProjectConfigurationPlatforms) = postSolution
		{81050B71-CB9D-4FA4-8466-3575BD1AC89C}.Debug|Any CPU.ActiveCfg = Debug|Any CPU
		{81050B71-CB9D-4FA4-8466-3575BD1AC89C}.Debug|Any CPU.Build.0 = Debug|Any CPU
		{81050B71-CB9D-4FA4-8466-3575BD1AC89C}.Release|Any CPU.ActiveCfg = Release|Any CPU
		{81050B71-CB9D-4FA4-8466-3575BD1AC89C}.Release|Any CPU.Build.0 = Release|Any CPU
	EndGlobalSection
	GlobalSection(SolutionProperties) = preSolution
		HideSolutionNode = FALSE
	EndGlobalSection
	GlobalSection(ExtensibilityGlobals) = postSolution
		SolutionGuid = {7A16F0EF-C553-4E78-8997-AA9D6AC1D0FF}
	EndGlobalSection
EndGlobal
